<?xml version="1.0" encoding="UTF-8" standalone="yes" ?>
<CodeBlocks_project_file>
	<FileVersion major="1" minor="6" />
	<Project>
		<Option title="MyLittleInvestigationsLauncher" />
		<Option pch_mode="2" />
		<Option compiler="gcc" />
		<Build>
			<Target title="Debug (Win32)">
				<Option platforms="Windows;" />
				<Option output="bin/Debug/win32/MyLittleInvestigationsLauncher" prefix_auto="1" extension_auto="1" />
				<Option object_output="obj/Debug/win32/launcher/" />
				<Option type="1" />
				<Option compiler="gcc" />
				<Compiler>
					<Add option="-g" />
					<Add option="-D__WINDOWS" />
				</Compiler>
				<Linker>
					<Add option="-m32" />
					<Add option="-lmingw32" />
					<Add option="-lshlwapi" />
					<Add option="-lSDL2main" />
					<Add option="-lSDL2" />
					<Add option="-lcryptopp" />
					<Add option="-lcurl" />
					<Add option="-lcurldll" />
				</Linker>
			</Target>
			<Target title="Release (Win32)">
				<Option platforms="Windows;" />
				<Option output="bin/Release/win32/MyLittleInvestigationsLauncher" prefix_auto="1" extension_auto="1" />
				<Option object_output="obj/Release/win32/launcher/" />
				<Option type="0" />
				<Option compiler="gcc" />
				<Compiler>
					<Add option="-fomit-frame-pointer" />
					<Add option="-fexpensive-optimizations" />
					<Add option="-O2" />
					<Add option="-D__WINDOWS" />
				</Compiler>
				<Linker>
					<Add option="-s" />
					<Add option="-m32" />
					<Add option="-lmingw32" />
					<Add option="-lshlwapi" />
					<Add option="-lSDL2main" />
					<Add option="-lSDL2" />
					<Add option="-lcryptopp" />
					<Add option="-lcurl" />
					<Add option="-lcurldll" />
				</Linker>
			</Target>
			<Target title="Debug (OS X)">
				<Option platforms="Mac;" />
				<Option output="bin/Debug/osx/MyLittleInvestigationsLauncher" prefix_auto="1" extension_auto="1" />
				<Option object_output="obj/Debug/osx/launcher/" />
				<Option type="1" />
				<Option compiler="gcc" />
				<Compiler>
					<Add option="-g" />
					<Add option="-DMACOSX_DEPLOYMENT_TARGET=10.6" />
					<Add option="-D__OSX" />
					<Add directory="osx" />
				</Compiler>
				<Linker>
					<Add option="-framework Cocoa" />
					<Add option="-framework Security" />
					<Add option="-framework SDL2" />
					<Add option="-lcryptopp" />
					<Add option="-lcurl" />
					<Add option="-Wl,-rpath,@loader_path/../Frameworks" />
					<Add directory="osx" />
				</Linker>
			</Target>
			<Target title="Release (OS X)">
				<Option platforms="Mac;" />
				<Option output="bin/Release/osx/MyLittleInvestigationsLauncher" prefix_auto="1" extension_auto="1" />
				<Option object_output="obj/Release/osx/launcher/" />
				<Option type="0" />
				<Option compiler="gcc" />
				<Compiler>
					<Add option="-fomit-frame-pointer" />
					<Add option="-fexpensive-optimizations" />
					<Add option="-O3" />
					<Add option="-DMACOSX_DEPLOYMENT_TARGET=10.6" />
					<Add option="-D__OSX" />
					<Add directory="osx" />
				</Compiler>
				<Linker>
					<Add option="-framework Cocoa" />
					<Add option="-framework Security" />
					<Add option="-framework SDL2" />
					<Add option="-lcryptopp" />
					<Add option="-lcurl" />
					<Add option="-Wl,-rpath,@loader_path/../Frameworks" />
					<Add directory="osx" />
				</Linker>
			</Target>
		</Build>
		<Compiler>
			<Add option="-Wall" />
			<Add option="-fexceptions" />
			<Add option="-DLAUNCHER" />
			<Add option="-D__STDC_CONSTANT_MACROS" />
			<Add option="-DTIXML_USE_TICPP" />
		</Compiler>
		<Unit filename="osx/ApplicationSupportBridge.cpp">
			<Option target="Debug (OS X)" />
			<Option target="Release (OS X)" />
		</Unit>
		<Unit filename="osx/ApplicationSupportBridge.h">
			<Option target="Debug (OS X)" />
			<Option target="Release (OS X)" />
		</Unit>
		<Unit filename="osx/NSFileManagerDirectoryLocations.h">
			<Option target="Debug (OS X)" />
			<Option target="Release (OS X)" />
		</Unit>
		<Unit filename="osx/NSFileManagerDirectoryLocations.m">
			<Option compilerVar="CC" />
			<Option compile="1" />
			<Option link="1" />
			<Option target="Debug (OS X)" />
			<Option target="Release (OS X)" />
		</Unit>
		<Unit filename="osx/SDLMain.h">
			<Option compilerVar="CC" />
			<Option target="Debug (OS X)" />
			<Option target="Release (OS X)" />
		</Unit>
		<Unit filename="osx/SDLMain.mm">
			<Option compilerVar="CC" />
			<Option compile="1" />
			<Option link="1" />
			<Option target="Debug (OS X)" />
			<Option target="Release (OS X)" />
		</Unit>
		<Unit filename="src/FileFunctions.cpp" />
		<Unit filename="src/FileFunctions.h" />
		<Unit filename="src/Utils.cpp" />
		<Unit filename="src/Utils.h" />
		<Unit filename="src/Version.cpp" />
		<Unit filename="src/Version.h" />
		<Unit filename="src/XmlReader.cpp" />
		<Unit filename="src/XmlReader.h" />
		<Unit filename="src/XmlWriter.cpp" />
		<Unit filename="src/XmlWriter.h" />
		<Unit filename="src/globals.cpp" />
		<Unit filename="src/globals.h" />
		<Unit filename="src/main.cpp" />
		<Unit filename="src/resource.h">
			<Option target="Debug (Win32)" />
			<Option target="Release (Win32)" />
		</Unit>
		<Unit filename="src/resource.rc">
			<Option compilerVar="WINDRES" />
			<Option target="Debug (Win32)" />
			<Option target="Release (Win32)" />
		</Unit>
		<Unit filename="src/ticpp/ticpp.cpp" />
		<Unit filename="src/ticpp/ticpp.h" />
		<Unit filename="src/ticpp/ticpprc.h" />
		<Unit filename="src/ticpp/tinystr.cpp" />
		<Unit filename="src/ticpp/tinystr.h" />
		<Unit filename="src/ticpp/tinyxml.cpp" />
		<Unit filename="src/ticpp/tinyxml.h" />
		<Unit filename="src/ticpp/tinyxmlerror.cpp" />
		<Unit filename="src/ticpp/tinyxmlparser.cpp" />
		<Extensions>
			<code_completion />
			<envvars />
			<debugger />
			<lib_finder disable_auto="1" />
		</Extensions>
	</Project>
</CodeBlocks_project_file>
