<?xml version="1.0" encoding="UTF-8" standalone="yes" ?>
<CodeBlocks_project_file>
	<FileVersion major="1" minor="6" />
	<Project>
		<Option title="MyLittleInvestigationsUpdater" />
		<Option pch_mode="2" />
		<Option compiler="gcc" />
		<Build>
			<Target title="Debug (Win32)">
				<Option platforms="Windows;" />
				<Option output="bin/Debug/win32/MyLittleInvestigationsUpdater" prefix_auto="1" extension_auto="1" />
				<Option object_output="obj/Debug/win32/updater/" />
				<Option type="1" />
				<Option compiler="gcc" />
				<Compiler>
					<Add option="-g" />
					<Add option="-DMLI_DEBUG" />
					<Add option="-D__WINDOWS" />
				</Compiler>
				<Linker>
					<Add option="-m32" />
					<Add option="-lmingw32" />
					<Add option="-lshlwapi" />
					<Add option="-lSDL2main" />
					<Add option="-lSDL2" />
					<Add option="-lSDL2_image" />
					<Add option="-lSDL2_ttf" />
					<Add option="-lcryptopp" />
					<Add option="-lcurl" />
					<Add option="-lcurldll" />
				</Linker>
			</Target>
			<Target title="Release (Win32)">
				<Option platforms="Windows;" />
				<Option output="bin/Release/win32/MyLittleInvestigationsUpdater" prefix_auto="1" extension_auto="1" />
				<Option object_output="obj/Release/win32/updater/" />
				<Option type="0" />
				<Option compiler="gcc" />
				<Compiler>
					<Add option="-fomit-frame-pointer" />
					<Add option="-fexpensive-optimizations" />
					<Add option="-O3" />
					<Add option="-D__WINDOWS" />
				</Compiler>
				<Linker>
					<Add option="-s" />
					<Add option="-m32" />
					<Add option="-lmingw32" />
					<Add option="-lshlwapi" />
					<Add option="-lSDL2main" />
					<Add option="-lSDL2" />
					<Add option="-lSDL2_image" />
					<Add option="-lSDL2_ttf" />
					<Add option="-lcryptopp" />
					<Add option="-lcurl" />
					<Add option="-lcurldll" />
				</Linker>
			</Target>
			<Target title="Debug (OS X)">
				<Option platforms="Mac;" />
				<Option output="bin/Debug/osx/MyLittleInvestigationsUpdater" prefix_auto="1" extension_auto="1" />
				<Option object_output="obj/Debug/osx/updater/" />
				<Option type="1" />
				<Option compiler="gcc" />
				<Compiler>
					<Add option="-g" />
					<Add option="-DMACOSX_DEPLOYMENT_TARGET=10.6" />
					<Add option="-DMLI_DEBUG" />
					<Add option="-D__OSX" />
					<Add directory="osx" />
				</Compiler>
				<Linker>
					<Add option="-framework Cocoa" />
					<Add option="-framework Security" />
					<Add option="-framework SDL2" />
					<Add option="-framework SDL2_image" />
					<Add option="-framework SDL2_ttf" />
					<Add option="-framework GLUT" />
					<Add option="-lcryptopp" />
					<Add option="-lcurl" />
					<Add option="-Wl,-rpath,@loader_path/../Frameworks" />
					<Add directory="osx" />
				</Linker>
			</Target>
			<Target title="Release (OS X)">
				<Option platforms="Mac;" />
				<Option output="bin/Release/osx/MyLittleInvestigationsUpdater" prefix_auto="1" extension_auto="1" />
				<Option object_output="obj/Release/osx/updater/" />
				<Option type="0" />
				<Option compiler="gcc" />
				<Compiler>
					<Add option="-fomit-frame-pointer" />
					<Add option="-fexpensive-optimizations" />
					<Add option="-O3" />
					<Add option="-DMACOSX_DEPLOYMENT_TARGET=10.6" />
					<Add option="-D__OSX" />
					<Add directory="osx" />
				</Compiler>
				<Linker>
					<Add option="-framework Cocoa" />
					<Add option="-framework Security" />
					<Add option="-framework SDL2" />
					<Add option="-framework SDL2_image" />
					<Add option="-framework SDL2_ttf" />
					<Add option="-framework GLUT" />
					<Add option="-lcryptopp" />
					<Add option="-lcurl" />
					<Add option="-Wl,-rpath,@loader_path/../Frameworks" />
					<Add directory="osx" />
				</Linker>
			</Target>
			<Target title="Debug (Unix)">
				<Option platforms="Unix;" />
				<Option output="bin/Debug/unix/MyLittleInvestigationsUpdater" prefix_auto="1" extension_auto="1" />
				<Option object_output="obj/Debug/unix" />
				<Option type="1" />
				<Option compiler="gcc" />
				<Compiler>
					<Add option="-O3" />
					<Add option="-I/usr/local/include" />
				</Compiler>
				<Linker>
					<Add option="-lSDL2main" />
					<Add option="-lSDL2" />
					<Add option="-lSDL2_image" />
					<Add option="-lSDL2_ttf" />
					<Add option="-lSDL2_mixer" />
					<Add option="-lswscale" />
					<Add option="-lcryptopp" />
					<Add option="-pthread" />
					<Add option="-L/usr/local/lib" />
					<Add option="-lavformat" />
					<Add option="-lavcodec" />
					<Add option="-lX11" />
					<Add option="-lasound" />
					<Add option="-lz" />
					<Add option="-lavutil" />
					<Add option="-lm" />
					<Add option="-lcurl" />
				</Linker>
			</Target>
			<Target title="Release (Unix)">
				<Option platforms="Unix;" />
				<Option output="bin/Release/unix/MyLittleInvestigationsUpdater" prefix_auto="1" extension_auto="1" />
				<Option object_output="obj/Release/unix/" />
				<Option type="0" />
				<Option compiler="gcc" />
				<Compiler>
					<Add option="-O3" />
					<Add option="-I/usr/local/include" />
				</Compiler>
				<Linker>
					<Add option="-lSDL2main" />
					<Add option="-lSDL2" />
					<Add option="-lSDL2_image" />
					<Add option="-lSDL2_ttf" />
					<Add option="-lSDL2_mixer" />
					<Add option="-lswscale" />
					<Add option="-lcryptopp" />
					<Add option="-pthread" />
					<Add option="-L/usr/local/lib" />
					<Add option="-lavformat" />
					<Add option="-lavcodec" />
					<Add option="-lX11" />
					<Add option="-lasound" />
					<Add option="-lz" />
					<Add option="-lavutil" />
					<Add option="-lm" />
					<Add option="-lcurl" />
				</Linker>
			</Target>
		</Build>
		<Compiler>
			<Add option="-Wall" />
			<Add option="-fexceptions" />
			<Add option="-DUPDATER" />
			<Add option="-D__STDC_CONSTANT_MACROS" />
			<Add option="-DTIXML_USE_TICPP" />
		</Compiler>
		<Unit filename="osx/ApplicationSupportBridge.h">
			<Option compilerVar="CC" />
			<Option target="Debug (OS X)" />
			<Option target="Release (OS X)" />
		</Unit>
		<Unit filename="osx/NSFileManagerDirectoryLocations.h">
			<Option target="Debug (OS X)" />
			<Option target="Release (OS X)" />
		</Unit>
		<Unit filename="osx/NSFileManagerDirectoryLocations.m">
			<Option compilerVar="CC" />
			<Option compile="1" />
			<Option link="1" />
			<Option target="Debug (OS X)" />
			<Option target="Release (OS X)" />
		</Unit>
		<Unit filename="osx/OSXMain.mm">
			<Option compilerVar="CC" />
			<Option compile="1" />
			<Option link="1" />
			<Option target="Debug (OS X)" />
			<Option target="Release (OS X)" />
		</Unit>
		<Unit filename="src/Color.cpp" />
		<Unit filename="src/Color.h" />
		<Unit filename="src/EasingFunctions.cpp" />
		<Unit filename="src/EasingFunctions.h" />
		<Unit filename="src/FileFunctions.cpp" />
		<Unit filename="src/FileFunctions.h" />
		<Unit filename="src/MLIFont.cpp" />
		<Unit filename="src/MLIFont.h" />
		<Unit filename="src/Game.cpp" />
		<Unit filename="src/Game.h" />
		<Unit filename="src/Image.cpp" />
		<Unit filename="src/Image.h" />
		<Unit filename="src/Rectangle.cpp" />
		<Unit filename="src/Rectangle.h" />
		<Unit filename="src/Screens/CheckForUpdatesScreen.cpp" />
		<Unit filename="src/Screens/CheckForUpdatesScreen.h" />
		<Unit filename="src/Screens/MLIScreen.h" />
		<Unit filename="src/State.h" />
		<Unit filename="src/Utils.cpp" />
		<Unit filename="src/Utils.h" />
		<Unit filename="src/Vector2.cpp" />
		<Unit filename="src/Vector2.h" />
		<Unit filename="src/Version.cpp" />
		<Unit filename="src/Version.h" />
		<Unit filename="src/XmlReader.cpp" />
		<Unit filename="src/XmlReader.h" />
		<Unit filename="src/XmlWriter.cpp" />
		<Unit filename="src/XmlWriter.h" />
		<Unit filename="src/enums.cpp" />
		<Unit filename="src/enums.h" />
		<Unit filename="src/globals.cpp" />
		<Unit filename="src/globals.h" />
		<Unit filename="src/main.cpp" />
		<Unit filename="src/resource.h">
			<Option target="Debug (Win32)" />
			<Option target="Release (Win32)" />
		</Unit>
		<Unit filename="src/resource.rc">
			<Option compilerVar="WINDRES" />
			<Option target="Debug (Win32)" />
			<Option target="Release (Win32)" />
		</Unit>
		<Unit filename="src/ticpp/ticpp.cpp" />
		<Unit filename="src/ticpp/ticpp.h" />
		<Unit filename="src/ticpp/ticpprc.h" />
		<Unit filename="src/ticpp/tinystr.cpp" />
		<Unit filename="src/ticpp/tinystr.h" />
		<Unit filename="src/ticpp/tinyxml.cpp" />
		<Unit filename="src/ticpp/tinyxml.h" />
		<Unit filename="src/ticpp/tinyxmlerror.cpp" />
		<Unit filename="src/ticpp/tinyxmlparser.cpp" />
		<Extensions>
			<code_completion />
			<envvars />
			<debugger />
		</Extensions>
	</Project>
</CodeBlocks_project_file>
